// !$*UTF8*$!
{
	archiveVersion = 1;
	classes = {
	};
	objectVersion = 56;
	objects = {

/* Begin PBXBuildFile section */
		2201DAE628D3A4B3006C4664 /* brand.json in Resources */ = {isa = PBXBuildFile; fileRef = 2201DAE228D3A4B3006C4664 /* brand.json */; };
		2201DAE728D3A4B3006C4664 /* player.json in Resources */ = {isa = PBXBuildFile; fileRef = 2201DAE328D3A4B3006C4664 /* player.json */; };
		2201DAE828D3A4B3006C4664 /* category.json in Resources */ = {isa = PBXBuildFile; fileRef = 2201DAE428D3A4B3006C4664 /* category.json */; };
		2201DAE928D3A4B3006C4664 /* product.json in Resources */ = {isa = PBXBuildFile; fileRef = 2201DAE528D3A4B3006C4664 /* product.json */; };
		2201DAF428D3AB4B006C4664 /* Constant.swift in Sources */ = {isa = PBXBuildFile; fileRef = 2201DAF328D3AB4B006C4664 /* Constant.swift */; };
		2201DAF628D3AC0D006C4664 /* FooterView.swift in Sources */ = {isa = PBXBuildFile; fileRef = 2201DAF528D3AC0D006C4664 /* FooterView.swift */; };
		2201DAF828D3AFF2006C4664 /* NavigationBarView.swift in Sources */ = {isa = PBXBuildFile; fileRef = 2201DAF728D3AFF2006C4664 /* NavigationBarView.swift */; };
		2201DAFA28D3B122006C4664 /* LogoView.swift in Sources */ = {isa = PBXBuildFile; fileRef = 2201DAF928D3B122006C4664 /* LogoView.swift */; };
		2203A41828D60ACD0094CB67 /* CategoryModel.swift in Sources */ = {isa = PBXBuildFile; fileRef = 2203A41728D60ACD0094CB67 /* CategoryModel.swift */; };
		2203A41A28D60CCD0094CB67 /* CategoryItemView.swift in Sources */ = {isa = PBXBuildFile; fileRef = 2203A41928D60CCD0094CB67 /* CategoryItemView.swift */; };
		2203A41C28D60F500094CB67 /* CategoryGridView.swift in Sources */ = {isa = PBXBuildFile; fileRef = 2203A41B28D60F500094CB67 /* CategoryGridView.swift */; };
		2203A41E28D610BD0094CB67 /* SectionView.swift in Sources */ = {isa = PBXBuildFile; fileRef = 2203A41D28D610BD0094CB67 /* SectionView.swift */; };
		226B1C0828D4DFF9005B73B2 /* PlayerModel.swift in Sources */ = {isa = PBXBuildFile; fileRef = 226B1C0728D4DFF9005B73B2 /* PlayerModel.swift */; };
		226B1C0A28D4E034005B73B2 /* CodeableBundleExtension.swift in Sources */ = {isa = PBXBuildFile; fileRef = 226B1C0928D4E034005B73B2 /* CodeableBundleExtension.swift */; };
		226B1C0C28D4E2CA005B73B2 /* FeaturedItemView.swift in Sources */ = {isa = PBXBuildFile; fileRef = 226B1C0B28D4E2CA005B73B2 /* FeaturedItemView.swift */; };
		226B1C0E28D4E318005B73B2 /* FeaturedTabView.swift in Sources */ = {isa = PBXBuildFile; fileRef = 226B1C0D28D4E318005B73B2 /* FeaturedTabView.swift */; };
		22B1C4FB28D3A33400AAD2CE /* Hail_Mary_ShopApp.swift in Sources */ = {isa = PBXBuildFile; fileRef = 22B1C4FA28D3A33400AAD2CE /* Hail_Mary_ShopApp.swift */; };
		22B1C4FD28D3A33400AAD2CE /* ContentView.swift in Sources */ = {isa = PBXBuildFile; fileRef = 22B1C4FC28D3A33400AAD2CE /* ContentView.swift */; };
		22B1C4FF28D3A33500AAD2CE /* Assets.xcassets in Resources */ = {isa = PBXBuildFile; fileRef = 22B1C4FE28D3A33500AAD2CE /* Assets.xcassets */; };
		22B1C50228D3A33500AAD2CE /* Preview Assets.xcassets in Resources */ = {isa = PBXBuildFile; fileRef = 22B1C50128D3A33500AAD2CE /* Preview Assets.xcassets */; };
/* End PBXBuildFile section */

/* Begin PBXFileReference section */
		2201DAE228D3A4B3006C4664 /* brand.json */ = {isa = PBXFileReference; fileEncoding = 4; lastKnownFileType = text.json; path = brand.json; sourceTree = "<group>"; };
		2201DAE328D3A4B3006C4664 /* player.json */ = {isa = PBXFileReference; fileEncoding = 4; lastKnownFileType = text.json; path = player.json; sourceTree = "<group>"; };
		2201DAE428D3A4B3006C4664 /* category.json */ = {isa = PBXFileReference; fileEncoding = 4; lastKnownFileType = text.json; path = category.json; sourceTree = "<group>"; };
		2201DAE528D3A4B3006C4664 /* product.json */ = {isa = PBXFileReference; fileEncoding = 4; lastKnownFileType = text.json; path = product.json; sourceTree = "<group>"; };
		2201DAEB28D3A936006C4664 /* Hail-Mary-Shop-Info.plist */ = {isa = PBXFileReference; lastKnownFileType = text.plist; path = "Hail-Mary-Shop-Info.plist"; sourceTree = SOURCE_ROOT; };
		2201DAF328D3AB4B006C4664 /* Constant.swift */ = {isa = PBXFileReference; lastKnownFileType = sourcecode.swift; path = Constant.swift; sourceTree = "<group>"; };
		2201DAF528D3AC0D006C4664 /* FooterView.swift */ = {isa = PBXFileReference; lastKnownFileType = sourcecode.swift; path = FooterView.swift; sourceTree = "<group>"; };
		2201DAF728D3AFF2006C4664 /* NavigationBarView.swift */ = {isa = PBXFileReference; lastKnownFileType = sourcecode.swift; path = NavigationBarView.swift; sourceTree = "<group>"; };
		2201DAF928D3B122006C4664 /* LogoView.swift */ = {isa = PBXFileReference; lastKnownFileType = sourcecode.swift; path = LogoView.swift; sourceTree = "<group>"; };
		2203A41728D60ACD0094CB67 /* CategoryModel.swift */ = {isa = PBXFileReference; lastKnownFileType = sourcecode.swift; path = CategoryModel.swift; sourceTree = "<group>"; };
		2203A41928D60CCD0094CB67 /* CategoryItemView.swift */ = {isa = PBXFileReference; lastKnownFileType = sourcecode.swift; path = CategoryItemView.swift; sourceTree = "<group>"; };
		2203A41B28D60F500094CB67 /* CategoryGridView.swift */ = {isa = PBXFileReference; lastKnownFileType = sourcecode.swift; path = CategoryGridView.swift; sourceTree = "<group>"; };
		2203A41D28D610BD0094CB67 /* SectionView.swift */ = {isa = PBXFileReference; lastKnownFileType = sourcecode.swift; path = SectionView.swift; sourceTree = "<group>"; };
		226B1C0728D4DFF9005B73B2 /* PlayerModel.swift */ = {isa = PBXFileReference; lastKnownFileType = sourcecode.swift; path = PlayerModel.swift; sourceTree = "<group>"; };
		226B1C0928D4E034005B73B2 /* CodeableBundleExtension.swift */ = {isa = PBXFileReference; lastKnownFileType = sourcecode.swift; path = CodeableBundleExtension.swift; sourceTree = "<group>"; };
		226B1C0B28D4E2CA005B73B2 /* FeaturedItemView.swift */ = {isa = PBXFileReference; lastKnownFileType = sourcecode.swift; path = FeaturedItemView.swift; sourceTree = "<group>"; };
		226B1C0D28D4E318005B73B2 /* FeaturedTabView.swift */ = {isa = PBXFileReference; lastKnownFileType = sourcecode.swift; path = FeaturedTabView.swift; sourceTree = "<group>"; };
		22B1C4F728D3A33400AAD2CE /* Hail Mary Shop.app */ = {isa = PBXFileReference; explicitFileType = wrapper.application; includeInIndex = 0; path = "Hail Mary Shop.app"; sourceTree = BUILT_PRODUCTS_DIR; };
		22B1C4FA28D3A33400AAD2CE /* Hail_Mary_ShopApp.swift */ = {isa = PBXFileReference; lastKnownFileType = sourcecode.swift; path = Hail_Mary_ShopApp.swift; sourceTree = "<group>"; };
		22B1C4FC28D3A33400AAD2CE /* ContentView.swift */ = {isa = PBXFileReference; lastKnownFileType = sourcecode.swift; path = ContentView.swift; sourceTree = "<group>"; };
		22B1C4FE28D3A33500AAD2CE /* Assets.xcassets */ = {isa = PBXFileReference; lastKnownFileType = folder.assetcatalog; path = Assets.xcassets; sourceTree = "<group>"; };
		22B1C50128D3A33500AAD2CE /* Preview Assets.xcassets */ = {isa = PBXFileReference; lastKnownFileType = folder.assetcatalog; path = "Preview Assets.xcassets"; sourceTree = "<group>"; };
/* End PBXFileReference section */

/* Begin PBXFrameworksBuildPhase section */
		22B1C4F428D3A33400AAD2CE /* Frameworks */ = {
			isa = PBXFrameworksBuildPhase;
			buildActionMask = 2147483647;
			files = (
			);
			runOnlyForDeploymentPostprocessing = 0;
		};
/* End PBXFrameworksBuildPhase section */

/* Begin PBXGroup section */
		2201DAEA28D3A4CC006C4664 /* Data */ = {
			isa = PBXGroup;
			children = (
				2201DAE228D3A4B3006C4664 /* brand.json */,
				2201DAE428D3A4B3006C4664 /* category.json */,
				2201DAE328D3A4B3006C4664 /* player.json */,
				2201DAE528D3A4B3006C4664 /* product.json */,
			);
			path = Data;
			sourceTree = "<group>";
		};
		2201DAEC28D3AAF7006C4664 /* App */ = {
			isa = PBXGroup;
			children = (
				22B1C4FA28D3A33400AAD2CE /* Hail_Mary_ShopApp.swift */,
				22B1C4FC28D3A33400AAD2CE /* ContentView.swift */,
			);
			path = App;
			sourceTree = "<group>";
		};
		2201DAED28D3AAFD006C4664 /* View */ = {
			isa = PBXGroup;
			children = (
				2201DAEF28D3AB0A006C4664 /* Detail */,
				2201DAEE28D3AB05006C4664 /* Home */,
			);
			path = View;
			sourceTree = "<group>";
		};
		2201DAEE28D3AB05006C4664 /* Home */ = {
			isa = PBXGroup;
			children = (
				2201DAF528D3AC0D006C4664 /* FooterView.swift */,
				2201DAF728D3AFF2006C4664 /* NavigationBarView.swift */,
				2201DAF928D3B122006C4664 /* LogoView.swift */,
				226B1C0B28D4E2CA005B73B2 /* FeaturedItemView.swift */,
				226B1C0D28D4E318005B73B2 /* FeaturedTabView.swift */,
				2203A41928D60CCD0094CB67 /* CategoryItemView.swift */,
				2203A41B28D60F500094CB67 /* CategoryGridView.swift */,
				2203A41D28D610BD0094CB67 /* SectionView.swift */,
			);
			path = Home;
			sourceTree = "<group>";
		};
		2201DAEF28D3AB0A006C4664 /* Detail */ = {
			isa = PBXGroup;
			children = (
			);
			path = Detail;
			sourceTree = "<group>";
		};
		2201DAF028D3AB19006C4664 /* Model */ = {
			isa = PBXGroup;
			children = (
				226B1C0728D4DFF9005B73B2 /* PlayerModel.swift */,
				2203A41728D60ACD0094CB67 /* CategoryModel.swift */,
			);
			path = Model;
			sourceTree = "<group>";
		};
		2201DAF128D3AB24006C4664 /* Extension */ = {
			isa = PBXGroup;
			children = (
				226B1C0928D4E034005B73B2 /* CodeableBundleExtension.swift */,
			);
			path = Extension;
			sourceTree = "<group>";
		};
		2201DAF228D3AB2C006C4664 /* Utility */ = {
			isa = PBXGroup;
			children = (
				2201DAF328D3AB4B006C4664 /* Constant.swift */,
			);
			path = Utility;
			sourceTree = "<group>";
		};
		22B1C4EE28D3A33400AAD2CE = {
			isa = PBXGroup;
			children = (
				22B1C4F928D3A33400AAD2CE /* Hail Mary Shop */,
				22B1C4F828D3A33400AAD2CE /* Products */,
			);
			sourceTree = "<group>";
		};
		22B1C4F828D3A33400AAD2CE /* Products */ = {
			isa = PBXGroup;
			children = (
				22B1C4F728D3A33400AAD2CE /* Hail Mary Shop.app */,
			);
			name = Products;
			sourceTree = "<group>";
		};
		22B1C4F928D3A33400AAD2CE /* Hail Mary Shop */ = {
			isa = PBXGroup;
			children = (
				2201DAF228D3AB2C006C4664 /* Utility */,
				2201DAF128D3AB24006C4664 /* Extension */,
				2201DAF028D3AB19006C4664 /* Model */,
				2201DAED28D3AAFD006C4664 /* View */,
				2201DAEB28D3A936006C4664 /* Hail-Mary-Shop-Info.plist */,
				2201DAEC28D3AAF7006C4664 /* App */,
				2201DAEA28D3A4CC006C4664 /* Data */,
				22B1C4FE28D3A33500AAD2CE /* Assets.xcassets */,
				22B1C50028D3A33500AAD2CE /* Preview Content */,
			);
			path = "Hail Mary Shop";
			sourceTree = "<group>";
		};
		22B1C50028D3A33500AAD2CE /* Preview Content */ = {
			isa = PBXGroup;
			children = (
				22B1C50128D3A33500AAD2CE /* Preview Assets.xcassets */,
			);
			path = "Preview Content";
			sourceTree = "<group>";
		};
/* End PBXGroup section */

/* Begin PBXNativeTarget section */
		22B1C4F628D3A33400AAD2CE /* Hail Mary Shop */ = {
			isa = PBXNativeTarget;
			buildConfigurationList = 22B1C50528D3A33500AAD2CE /* Build configuration list for PBXNativeTarget "Hail Mary Shop" */;
			buildPhases = (
				22B1C4F328D3A33400AAD2CE /* Sources */,
				22B1C4F428D3A33400AAD2CE /* Frameworks */,
				22B1C4F528D3A33400AAD2CE /* Resources */,
			);
			buildRules = (
			);
			dependencies = (
			);
			name = "Hail Mary Shop";
			productName = "Hail Mary Shop";
			productReference = 22B1C4F728D3A33400AAD2CE /* Hail Mary Shop.app */;
			productType = "com.apple.product-type.application";
		};
/* End PBXNativeTarget section */

/* Begin PBXProject section */
		22B1C4EF28D3A33400AAD2CE /* Project object */ = {
			isa = PBXProject;
			attributes = {
				BuildIndependentTargetsInParallel = 1;
				LastSwiftUpdateCheck = 1400;
				LastUpgradeCheck = 1400;
				TargetAttributes = {
					22B1C4F628D3A33400AAD2CE = {
						CreatedOnToolsVersion = 14.0;
					};
				};
			};
			buildConfigurationList = 22B1C4F228D3A33400AAD2CE /* Build configuration list for PBXProject "Hail Mary Shop" */;
			compatibilityVersion = "Xcode 14.0";
			developmentRegion = en;
			hasScannedForEncodings = 0;
			knownRegions = (
				en,
				Base,
			);
			mainGroup = 22B1C4EE28D3A33400AAD2CE;
			productRefGroup = 22B1C4F828D3A33400AAD2CE /* Products */;
			projectDirPath = "";
			projectRoot = "";
			targets = (
				22B1C4F628D3A33400AAD2CE /* Hail Mary Shop */,
			);
		};
/* End PBXProject section */

/* Begin PBXResourcesBuildPhase section */
		22B1C4F528D3A33400AAD2CE /* Resources */ = {
			isa = PBXResourcesBuildPhase;
			buildActionMask = 2147483647;
			files = (
				2201DAE728D3A4B3006C4664 /* player.json in Resources */,
				22B1C50228D3A33500AAD2CE /* Preview Assets.xcassets in Resources */,
				2201DAE828D3A4B3006C4664 /* category.json in Resources */,
				22B1C4FF28D3A33500AAD2CE /* Assets.xcassets in Resources */,
				2201DAE628D3A4B3006C4664 /* brand.json in Resources */,
				2201DAE928D3A4B3006C4664 /* product.json in Resources */,
			);
			runOnlyForDeploymentPostprocessing = 0;
		};
/* End PBXResourcesBuildPhase section */

/* Begin PBXSourcesBuildPhase section */
		22B1C4F328D3A33400AAD2CE /* Sources */ = {
			isa = PBXSourcesBuildPhase;
			buildActionMask = 2147483647;
			files = (
				22B1C4FD28D3A33400AAD2CE /* ContentView.swift in Sources */,
				2201DAFA28D3B122006C4664 /* LogoView.swift in Sources */,
				2201DAF628D3AC0D006C4664 /* FooterView.swift in Sources */,
				22B1C4FB28D3A33400AAD2CE /* Hail_Mary_ShopApp.swift in Sources */,
				226B1C0C28D4E2CA005B73B2 /* FeaturedItemView.swift in Sources */,
				2201DAF428D3AB4B006C4664 /* Constant.swift in Sources */,
				2201DAF828D3AFF2006C4664 /* NavigationBarView.swift in Sources */,
				2203A41C28D60F500094CB67 /* CategoryGridView.swift in Sources */,
				2203A41828D60ACD0094CB67 /* CategoryModel.swift in Sources */,
				226B1C0A28D4E034005B73B2 /* CodeableBundleExtension.swift in Sources */,
				2203A41E28D610BD0094CB67 /* SectionView.swift in Sources */,
				2203A41A28D60CCD0094CB67 /* CategoryItemView.swift in Sources */,
				226B1C0E28D4E318005B73B2 /* FeaturedTabView.swift in Sources */,
				226B1C0828D4DFF9005B73B2 /* PlayerModel.swift in Sources */,
			);
			runOnlyForDeploymentPostprocessing = 0;
		};
/* End PBXSourcesBuildPhase section */

/* Begin XCBuildConfiguration section */
		22B1C50328D3A33500AAD2CE /* Debug */ = {
			isa = XCBuildConfiguration;
			buildSettings = {
				ALWAYS_SEARCH_USER_PATHS = NO;
				CLANG_ANALYZER_NONNULL = YES;
				CLANG_ANALYZER_NUMBER_OBJECT_CONVERSION = YES_AGGRESSIVE;
				CLANG_CXX_LANGUAGE_STANDARD = "gnu++20";
				CLANG_ENABLE_MODULES = YES;
				CLANG_ENABLE_OBJC_ARC = YES;
				CLANG_ENABLE_OBJC_WEAK = YES;
				CLANG_WARN_BLOCK_CAPTURE_AUTORELEASING = YES;
				CLANG_WARN_BOOL_CONVERSION = YES;
				CLANG_WARN_COMMA = YES;
				CLANG_WARN_CONSTANT_CONVERSION = YES;
				CLANG_WARN_DEPRECATED_OBJC_IMPLEMENTATIONS = YES;
				CLANG_WARN_DIRECT_OBJC_ISA_USAGE = YES_ERROR;
				CLANG_WARN_DOCUMENTATION_COMMENTS = YES;
				CLANG_WARN_EMPTY_BODY = YES;
				CLANG_WARN_ENUM_CONVERSION = YES;
				CLANG_WARN_INFINITE_RECURSION = YES;
				CLANG_WARN_INT_CONVERSION = YES;
				CLANG_WARN_NON_LITERAL_NULL_CONVERSION = YES;
				CLANG_WARN_OBJC_IMPLICIT_RETAIN_SELF = YES;
				CLANG_WARN_OBJC_LITERAL_CONVERSION = YES;
				CLANG_WARN_OBJC_ROOT_CLASS = YES_ERROR;
				CLANG_WARN_QUOTED_INCLUDE_IN_FRAMEWORK_HEADER = YES;
				CLANG_WARN_RANGE_LOOP_ANALYSIS = YES;
				CLANG_WARN_STRICT_PROTOTYPES = YES;
				CLANG_WARN_SUSPICIOUS_MOVE = YES;
				CLANG_WARN_UNGUARDED_AVAILABILITY = YES_AGGRESSIVE;
				CLANG_WARN_UNREACHABLE_CODE = YES;
				CLANG_WARN__DUPLICATE_METHOD_MATCH = YES;
				COPY_PHASE_STRIP = NO;
				DEBUG_INFORMATION_FORMAT = dwarf;
				ENABLE_STRICT_OBJC_MSGSEND = YES;
				ENABLE_TESTABILITY = YES;
				GCC_C_LANGUAGE_STANDARD = gnu11;
				GCC_DYNAMIC_NO_PIC = NO;
				GCC_NO_COMMON_BLOCKS = YES;
				GCC_OPTIMIZATION_LEVEL = 0;
				GCC_PREPROCESSOR_DEFINITIONS = (
					"DEBUG=1",
					"$(inherited)",
				);
				GCC_WARN_64_TO_32_BIT_CONVERSION = YES;
				GCC_WARN_ABOUT_RETURN_TYPE = YES_ERROR;
				GCC_WARN_UNDECLARED_SELECTOR = YES;
				GCC_WARN_UNINITIALIZED_AUTOS = YES_AGGRESSIVE;
				GCC_WARN_UNUSED_FUNCTION = YES;
				GCC_WARN_UNUSED_VARIABLE = YES;
				IPHONEOS_DEPLOYMENT_TARGET = 16.0;
				MTL_ENABLE_DEBUG_INFO = INCLUDE_SOURCE;
				MTL_FAST_MATH = YES;
				ONLY_ACTIVE_ARCH = YES;
				SDKROOT = iphoneos;
				SWIFT_ACTIVE_COMPILATION_CONDITIONS = DEBUG;
				SWIFT_OPTIMIZATION_LEVEL = "-Onone";
			};
			name = Debug;
		};
		22B1C50428D3A33500AAD2CE /* Release */ = {
			isa = XCBuildConfiguration;
			buildSettings = {
				ALWAYS_SEARCH_USER_PATHS = NO;
				CLANG_ANALYZER_NONNULL = YES;
				CLANG_ANALYZER_NUMBER_OBJECT_CONVERSION = YES_AGGRESSIVE;
				CLANG_CXX_LANGUAGE_STANDARD = "gnu++20";
				CLANG_ENABLE_MODULES = YES;
				CLANG_ENABLE_OBJC_ARC = YES;
				CLANG_ENABLE_OBJC_WEAK = YES;
				CLANG_WARN_BLOCK_CAPTURE_AUTORELEASING = YES;
				CLANG_WARN_BOOL_CONVERSION = YES;
				CLANG_WARN_COMMA = YES;
				CLANG_WARN_CONSTANT_CONVERSION = YES;
				CLANG_WARN_DEPRECATED_OBJC_IMPLEMENTATIONS = YES;
				CLANG_WARN_DIRECT_OBJC_ISA_USAGE = YES_ERROR;
				CLANG_WARN_DOCUMENTATION_COMMENTS = YES;
				CLANG_WARN_EMPTY_BODY = YES;
				CLANG_WARN_ENUM_CONVERSION = YES;
				CLANG_WARN_INFINITE_RECURSION = YES;
				CLANG_WARN_INT_CONVERSION = YES;
				CLANG_WARN_NON_LITERAL_NULL_CONVERSION = YES;
				CLANG_WARN_OBJC_IMPLICIT_RETAIN_SELF = YES;
				CLANG_WARN_OBJC_LITERAL_CONVERSION = YES;
				CLANG_WARN_OBJC_ROOT_CLASS = YES_ERROR;
				CLANG_WARN_QUOTED_INCLUDE_IN_FRAMEWORK_HEADER = YES;
				CLANG_WARN_RANGE_LOOP_ANALYSIS = YES;
				CLANG_WARN_STRICT_PROTOTYPES = YES;
				CLANG_WARN_SUSPICIOUS_MOVE = YES;
				CLANG_WARN_UNGUARDED_AVAILABILITY = YES_AGGRESSIVE;
				CLANG_WARN_UNREACHABLE_CODE = YES;
				CLANG_WARN__DUPLICATE_METHOD_MATCH = YES;
				COPY_PHASE_STRIP = NO;
				DEBUG_INFORMATION_FORMAT = "dwarf-with-dsym";
				ENABLE_NS_ASSERTIONS = NO;
				ENABLE_STRICT_OBJC_MSGSEND = YES;
				GCC_C_LANGUAGE_STANDARD = gnu11;
				GCC_NO_COMMON_BLOCKS = YES;
				GCC_WARN_64_TO_32_BIT_CONVERSION = YES;
				GCC_WARN_ABOUT_RETURN_TYPE = YES_ERROR;
				GCC_WARN_UNDECLARED_SELECTOR = YES;
				GCC_WARN_UNINITIALIZED_AUTOS = YES_AGGRESSIVE;
				GCC_WARN_UNUSED_FUNCTION = YES;
				GCC_WARN_UNUSED_VARIABLE = YES;
				IPHONEOS_DEPLOYMENT_TARGET = 16.0;
				MTL_ENABLE_DEBUG_INFO = NO;
				MTL_FAST_MATH = YES;
				SDKROOT = iphoneos;
				SWIFT_COMPILATION_MODE = wholemodule;
				SWIFT_OPTIMIZATION_LEVEL = "-O";
				VALIDATE_PRODUCT = YES;
			};
			name = Release;
		};
		22B1C50628D3A33500AAD2CE /* Debug */ = {
			isa = XCBuildConfiguration;
			buildSettings = {
				ASSETCATALOG_COMPILER_APPICON_NAME = AppIcon;
				ASSETCATALOG_COMPILER_GLOBAL_ACCENT_COLOR_NAME = AccentColor;
				CODE_SIGN_STYLE = Automatic;
				CURRENT_PROJECT_VERSION = 1;
				DEVELOPMENT_ASSET_PATHS = "\"Hail Mary Shop/Preview Content\"";
				DEVELOPMENT_TEAM = XGM98P9V33;
				ENABLE_PREVIEWS = YES;
				GENERATE_INFOPLIST_FILE = YES;
				INFOPLIST_FILE = "Hail-Mary-Shop-Info.plist";
				INFOPLIST_KEY_UIApplicationSceneManifest_Generation = YES;
				INFOPLIST_KEY_UIApplicationSupportsIndirectInputEvents = YES;
				INFOPLIST_KEY_UILaunchScreen_Generation = YES;
				INFOPLIST_KEY_UISupportedInterfaceOrientations = UIInterfaceOrientationPortrait;
				INFOPLIST_KEY_UISupportedInterfaceOrientations_iPad = "UIInterfaceOrientationLandscapeLeft UIInterfaceOrientationLandscapeRight UIInterfaceOrientationPortrait UIInterfaceOrientationPortraitUpsideDown";
				INFOPLIST_KEY_UIUserInterfaceStyle = Light;
				LD_RUNPATH_SEARCH_PATHS = (
					"$(inherited)",
					"@executable_path/Frameworks",
				);
				MARKETING_VERSION = 1.0;
				PRODUCT_BUNDLE_IDENTIFIER = "com.bennerbr.Hail-Mary-Shop";
				PRODUCT_NAME = "$(TARGET_NAME)";
				SWIFT_EMIT_LOC_STRINGS = YES;
				SWIFT_VERSION = 5.0;
				TARGETED_DEVICE_FAMILY = "1,2";
			};
			name = Debug;
		};
		22B1C50728D3A33500AAD2CE /* Release */ = {
			isa = XCBuildConfiguration;
			buildSettings = {
				ASSETCATALOG_COMPILER_APPICON_NAME = AppIcon;
				ASSETCATALOG_COMPILER_GLOBAL_ACCENT_COLOR_NAME = AccentColor;
				CODE_SIGN_STYLE = Automatic;
				CURRENT_PROJECT_VERSION = 1;
				DEVELOPMENT_ASSET_PATHS = "\"Hail Mary Shop/Preview Content\"";
				DEVELOPMENT_TEAM = XGM98P9V33;
				ENABLE_PREVIEWS = YES;
				GENERATE_INFOPLIST_FILE = YES;
				INFOPLIST_FILE = "Hail-Mary-Shop-Info.plist";
				INFOPLIST_KEY_UIApplicationSceneManifest_Generation = YES;
				INFOPLIST_KEY_UIApplicationSupportsIndirectInputEvents = YES;
				INFOPLIST_KEY_UILaunchScreen_Generation = YES;
				INFOPLIST_KEY_UISupportedInterfaceOrientations = UIInterfaceOrientationPortrait;
				INFOPLIST_KEY_UISupportedInterfaceOrientations_iPad = "UIInterfaceOrientationLandscapeLeft UIInterfaceOrientationLandscapeRight UIInterfaceOrientationPortrait UIInterfaceOrientationPortraitUpsideDown";
				INFOPLIST_KEY_UIUserInterfaceStyle = Light;
				LD_RUNPATH_SEARCH_PATHS = (
					"$(inherited)",
					"@executable_path/Frameworks",
				);
				MARKETING_VERSION = 1.0;
				PRODUCT_BUNDLE_IDENTIFIER = "com.bennerbr.Hail-Mary-Shop";
				PRODUCT_NAME = "$(TARGET_NAME)";
				SWIFT_EMIT_LOC_STRINGS = YES;
				SWIFT_VERSION = 5.0;
				TARGETED_DEVICE_FAMILY = "1,2";
			};
			name = Release;
		};
/* End XCBuildConfiguration section */

/* Begin XCConfigurationList section */
		22B1C4F228D3A33400AAD2CE /* Build configuration list for PBXProject "Hail Mary Shop" */ = {
			isa = XCConfigurationList;
			buildConfigurations = (
				22B1C50328D3A33500AAD2CE /* Debug */,
				22B1C50428D3A33500AAD2CE /* Release */,
			);
			defaultConfigurationIsVisible = 0;
			defaultConfigurationName = Release;
		};
		22B1C50528D3A33500AAD2CE /* Build configuration list for PBXNativeTarget "Hail Mary Shop" */ = {
			isa = XCConfigurationList;
			buildConfigurations = (
				22B1C50628D3A33500AAD2CE /* Debug */,
				22B1C50728D3A33500AAD2CE /* Release */,
			);
			defaultConfigurationIsVisible = 0;
			defaultConfigurationName = Release;
		};
/* End XCConfigurationList section */
	};
	rootObject = 22B1C4EF28D3A33400AAD2CE /* Project object */;
}
